
Microsoft Visual Studio Solution File, Format Version 12.00
# Visual Studio Version 17
VisualStudioVersion = 17.14.36623.8
MinimumVisualStudioVersion = 10.0.40219.1
Project("{FAE04EC0-301F-11D3-BF4B-00C04F79EFBC}") = "PCBuilder.PL", "PCBuilder.PL\PCBuilder.PL.csproj", "{132D511C-0222-478A-97E3-A305CD0A38B2}"
EndProject
Project("{FAE04EC0-301F-11D3-BF4B-00C04F79EFBC}") = "PCBuilder.BLL", "PCBuilder.BLL\PCBuilder.BLL.csproj", "{F174B36A-AAD5-4B4A-8146-4E901737F9F8}"
EndProject
Project("{FAE04EC0-301F-11D3-BF4B-00C04F79EFBC}") = "PCBuilder.DAL", "PCBuilder.DAL\PCBuilder.DAL.csproj", "{780ADFFA-1FAD-418E-8D38-AE71BF9E96F2}"
EndProject
Global
	GlobalSection(SolutionConfigurationPlatforms) = preSolution
		Debug|Any CPU = Debug|Any CPU
		Release|Any CPU = Release|Any CPU
	EndGlobalSection
	GlobalSection(ProjectConfigurationPlatforms) = postSolution
		{132D511C-0222-478A-97E3-A305CD0A38B2}.Debug|Any CPU.ActiveCfg = Debug|Any CPU
		{132D511C-0222-478A-97E3-A305CD0A38B2}.Debug|Any CPU.Build.0 = Debug|Any CPU
		{132D511C-0222-478A-97E3-A305CD0A38B2}.Release|Any CPU.ActiveCfg = Release|Any CPU
		{132D511C-0222-478A-97E3-A305CD0A38B2}.Release|Any CPU.Build.0 = Release|Any CPU
		{F174B36A-AAD5-4B4A-8146-4E901737F9F8}.Debug|Any CPU.ActiveCfg = Debug|Any CPU
		{F174B36A-AAD5-4B4A-8146-4E901737F9F8}.Debug|Any CPU.Build.0 = Debug|Any CPU
		{F174B36A-AAD5-4B4A-8146-4E901737F9F8}.Release|Any CPU.ActiveCfg = Release|Any CPU
		{F174B36A-AAD5-4B4A-8146-4E901737F9F8}.Release|Any CPU.Build.0 = Release|Any CPU
		{780ADFFA-1FAD-418E-8D38-AE71BF9E96F2}.Debug|Any CPU.ActiveCfg = Debug|Any CPU
		{780ADFFA-1FAD-418E-8D38-AE71BF9E96F2}.Debug|Any CPU.Build.0 = Debug|Any CPU
		{780ADFFA-1FAD-418E-8D38-AE71BF9E96F2}.Release|Any CPU.ActiveCfg = Release|Any CPU
		{780ADFFA-1FAD-418E-8D38-AE71BF9E96F2}.Release|Any CPU.Build.0 = Release|Any CPU
	EndGlobalSection
	GlobalSection(SolutionProperties) = preSolution
		HideSolutionNode = FALSE
	EndGlobalSection
	GlobalSection(ExtensibilityGlobals) = postSolution
		SolutionGuid = {35BAAD6F-755D-4DD0-8087-891B288E2480}
	EndGlobalSection
EndGlobal
